{
  "name": "librelinkupdesktop",
  "version": "0.1.14",
  "lockfileVersion": 3,
  "requires": true,
  "packages": {
    "": {
      "name": "librelinkupdesktop",
      "version": "0.1.14",
      "hasInstallScript": true,
      "license": "Apache-2.0",
      "funding": {
        "type": "individual",
        "url": "https://poopjournal.rocks/blog/donate/"
      }
    }
  }
}
